// !$*UTF8*$!
{
	archiveVersion = 1;
	classes = {
	};
	objectVersion = 50;
	objects = {

/* Begin PBXBuildFile section */
		A851432A226F389D00673537 /* AppDelegate.swift in Sources */ = {isa = PBXBuildFile; fileRef = A8514329226F389D00673537 /* AppDelegate.swift */; };
		A851432C226F389D00673537 /* ViewController.swift in Sources */ = {isa = PBXBuildFile; fileRef = A851432B226F389D00673537 /* ViewController.swift */; };
		A851432F226F389D00673537 /* Main.storyboard in Resources */ = {isa = PBXBuildFile; fileRef = A851432D226F389D00673537 /* Main.storyboard */; };
		A8514331226F389E00673537 /* Assets.xcassets in Resources */ = {isa = PBXBuildFile; fileRef = A8514330226F389E00673537 /* Assets.xcassets */; };
		A8514334226F389E00673537 /* LaunchScreen.storyboard in Resources */ = {isa = PBXBuildFile; fileRef = A8514332226F389E00673537 /* LaunchScreen.storyboard */; };
		A851433F226F389E00673537 /* ReceitaAppTests.swift in Sources */ = {isa = PBXBuildFile; fileRef = A851433E226F389E00673537 /* ReceitaAppTests.swift */; };
		A851434A226F389E00673537 /* ReceitaAppUITests.swift in Sources */ = {isa = PBXBuildFile; fileRef = A8514349226F389E00673537 /* ReceitaAppUITests.swift */; };
		A8514358226F41B400673537 /* CocoViewController.swift in Sources */ = {isa = PBXBuildFile; fileRef = A8514357226F41B400673537 /* CocoViewController.swift */; };
		A8DEFC9D22708818003F3D23 /* novo.swift in Sources */ = {isa = PBXBuildFile; fileRef = A8DEFC9C22708818003F3D23 /* novo.swift */; };
		A8DEFC9F22708B0E003F3D23 /* novo2.swift in Sources */ = {isa = PBXBuildFile; fileRef = A8DEFC9E22708B0E003F3D23 /* novo2.swift */; };
/* End PBXBuildFile section */

/* Begin PBXContainerItemProxy section */
		A851433B226F389E00673537 /* PBXContainerItemProxy */ = {
			isa = PBXContainerItemProxy;
			containerPortal = A851431E226F389D00673537 /* Project object */;
			proxyType = 1;
			remoteGlobalIDString = A8514325226F389D00673537;
			remoteInfo = ReceitaApp;
		};
		A8514346226F389E00673537 /* PBXContainerItemProxy */ = {
			isa = PBXContainerItemProxy;
			containerPortal = A851431E226F389D00673537 /* Project object */;
			proxyType = 1;
			remoteGlobalIDString = A8514325226F389D00673537;
			remoteInfo = ReceitaApp;
		};
/* End PBXContainerItemProxy section */

/* Begin PBXFileReference section */
		A8514326226F389D00673537 /* ReceitaApp.app */ = {isa = PBXFileReference; explicitFileType = wrapper.application; includeInIndex = 0; path = ReceitaApp.app; sourceTree = BUILT_PRODUCTS_DIR; };
		A8514329226F389D00673537 /* AppDelegate.swift */ = {isa = PBXFileReference; lastKnownFileType = sourcecode.swift; path = AppDelegate.swift; sourceTree = "<group>"; };
		A851432B226F389D00673537 /* ViewController.swift */ = {isa = PBXFileReference; lastKnownFileType = sourcecode.swift; path = ViewController.swift; sourceTree = "<group>"; };
		A851432E226F389D00673537 /* Base */ = {isa = PBXFileReference; lastKnownFileType = file.storyboard; name = Base; path = Base.lproj/Main.storyboard; sourceTree = "<group>"; };
		A8514330226F389E00673537 /* Assets.xcassets */ = {isa = PBXFileReference; lastKnownFileType = folder.assetcatalog; path = Assets.xcassets; sourceTree = "<group>"; };
		A8514333226F389E00673537 /* Base */ = {isa = PBXFileReference; lastKnownFileType = file.storyboard; name = Base; path = Base.lproj/LaunchScreen.storyboard; sourceTree = "<group>"; };
		A8514335226F389E00673537 /* Info.plist */ = {isa = PBXFileReference; lastKnownFileType = text.plist.xml; path = Info.plist; sourceTree = "<group>"; };
		A851433A226F389E00673537 /* ReceitaAppTests.xctest */ = {isa = PBXFileReference; explicitFileType = wrapper.cfbundle; includeInIndex = 0; path = ReceitaAppTests.xctest; sourceTree = BUILT_PRODUCTS_DIR; };
		A851433E226F389E00673537 /* ReceitaAppTests.swift */ = {isa = PBXFileReference; lastKnownFileType = sourcecode.swift; path = ReceitaAppTests.swift; sourceTree = "<group>"; };
		A8514340226F389E00673537 /* Info.plist */ = {isa = PBXFileReference; lastKnownFileType = text.plist.xml; path = Info.plist; sourceTree = "<group>"; };
		A8514345226F389E00673537 /* ReceitaAppUITests.xctest */ = {isa = PBXFileReference; explicitFileType = wrapper.cfbundle; includeInIndex = 0; path = ReceitaAppUITests.xctest; sourceTree = BUILT_PRODUCTS_DIR; };
		A8514349226F389E00673537 /* ReceitaAppUITests.swift */ = {isa = PBXFileReference; lastKnownFileType = sourcecode.swift; path = ReceitaAppUITests.swift; sourceTree = "<group>"; };
		A851434B226F389E00673537 /* Info.plist */ = {isa = PBXFileReference; lastKnownFileType = text.plist.xml; path = Info.plist; sourceTree = "<group>"; };
		A8514357226F41B400673537 /* CocoViewController.swift */ = {isa = PBXFileReference; lastKnownFileType = sourcecode.swift; path = CocoViewController.swift; sourceTree = "<group>"; };
		A8DEFC9C22708818003F3D23 /* novo.swift */ = {isa = PBXFileReference; lastKnownFileType = sourcecode.swift; path = novo.swift; sourceTree = "<group>"; };
		A8DEFC9E22708B0E003F3D23 /* novo2.swift */ = {isa = PBXFileReference; lastKnownFileType = sourcecode.swift; path = novo2.swift; sourceTree = "<group>"; };
/* End PBXFileReference section */

/* Begin PBXFrameworksBuildPhase section */
		A8514323226F389D00673537 /* Frameworks */ = {
			isa = PBXFrameworksBuildPhase;
			buildActionMask = 2147483647;
			files = (
			);
			runOnlyForDeploymentPostprocessing = 0;
		};
		A8514337226F389E00673537 /* Frameworks */ = {
			isa = PBXFrameworksBuildPhase;
			buildActionMask = 2147483647;
			files = (
			);
			runOnlyForDeploymentPostprocessing = 0;
		};
		A8514342226F389E00673537 /* Frameworks */ = {
			isa = PBXFrameworksBuildPhase;
			buildActionMask = 2147483647;
			files = (
			);
			runOnlyForDeploymentPostprocessing = 0;
		};
/* End PBXFrameworksBuildPhase section */

/* Begin PBXGroup section */
		A851431D226F389D00673537 = {
			isa = PBXGroup;
			children = (
				A8514328226F389D00673537 /* ReceitaApp */,
				A851433D226F389E00673537 /* ReceitaAppTests */,
				A8514348226F389E00673537 /* ReceitaAppUITests */,
				A8514327226F389D00673537 /* Products */,
			);
			sourceTree = "<group>";
		};
		A8514327226F389D00673537 /* Products */ = {
			isa = PBXGroup;
			children = (
				A8514326226F389D00673537 /* ReceitaApp.app */,
				A851433A226F389E00673537 /* ReceitaAppTests.xctest */,
				A8514345226F389E00673537 /* ReceitaAppUITests.xctest */,
			);
			name = Products;
			sourceTree = "<group>";
		};
		A8514328226F389D00673537 /* ReceitaApp */ = {
			isa = PBXGroup;
			children = (
				A8514329226F389D00673537 /* AppDelegate.swift */,
				A851432B226F389D00673537 /* ViewController.swift */,
				A851432D226F389D00673537 /* Main.storyboard */,
				A8514330226F389E00673537 /* Assets.xcassets */,
				A8514332226F389E00673537 /* LaunchScreen.storyboard */,
				A8514335226F389E00673537 /* Info.plist */,
				A8514357226F41B400673537 /* CocoViewController.swift */,
				A8DEFC9C22708818003F3D23 /* novo.swift */,
				A8DEFC9E22708B0E003F3D23 /* novo2.swift */,
			);
			path = ReceitaApp;
			sourceTree = "<group>";
		};
		A851433D226F389E00673537 /* ReceitaAppTests */ = {
			isa = PBXGroup;
			children = (
				A851433E226F389E00673537 /* ReceitaAppTests.swift */,
				A8514340226F389E00673537 /* Info.plist */,
			);
			path = ReceitaAppTests;
			sourceTree = "<group>";
		};
		A8514348226F389E00673537 /* ReceitaAppUITests */ = {
			isa = PBXGroup;
			children = (
				A8514349226F389E00673537 /* ReceitaAppUITests.swift */,
				A851434B226F389E00673537 /* Info.plist */,
			);
			path = ReceitaAppUITests;
			sourceTree = "<group>";
		};
/* End PBXGroup section */

/* Begin PBXNativeTarget section */
		A8514325226F389D00673537 /* ReceitaApp */ = {
			isa = PBXNativeTarget;
			buildConfigurationList = A851434E226F389E00673537 /* Build configuration list for PBXNativeTarget "ReceitaApp" */;
			buildPhases = (
				A8514322226F389D00673537 /* Sources */,
				A8514323226F389D00673537 /* Frameworks */,
				A8514324226F389D00673537 /* Resources */,
			);
			buildRules = (
			);
			dependencies = (
			);
			name = ReceitaApp;
			productName = ReceitaApp;
			productReference = A8514326226F389D00673537 /* ReceitaApp.app */;
			productType = "com.apple.product-type.application";
		};
		A8514339226F389E00673537 /* ReceitaAppTests */ = {
			isa = PBXNativeTarget;
			buildConfigurationList = A8514351226F389E00673537 /* Build configuration list for PBXNativeTarget "ReceitaAppTests" */;
			buildPhases = (
				A8514336226F389E00673537 /* Sources */,
				A8514337226F389E00673537 /* Frameworks */,
				A8514338226F389E00673537 /* Resources */,
			);
			buildRules = (
			);
			dependencies = (
				A851433C226F389E00673537 /* PBXTargetDependency */,
			);
			name = ReceitaAppTests;
			productName = ReceitaAppTests;
			productReference = A851433A226F389E00673537 /* ReceitaAppTests.xctest */;
			productType = "com.apple.product-type.bundle.unit-test";
		};
		A8514344226F389E00673537 /* ReceitaAppUITests */ = {
			isa = PBXNativeTarget;
			buildConfigurationList = A8514354226F389E00673537 /* Build configuration list for PBXNativeTarget "ReceitaAppUITests" */;
			buildPhases = (
				A8514341226F389E00673537 /* Sources */,
				A8514342226F389E00673537 /* Frameworks */,
				A8514343226F389E00673537 /* Resources */,
			);
			buildRules = (
			);
			dependencies = (
				A8514347226F389E00673537 /* PBXTargetDependency */,
			);
			name = ReceitaAppUITests;
			productName = ReceitaAppUITests;
			productReference = A8514345226F389E00673537 /* ReceitaAppUITests.xctest */;
			productType = "com.apple.product-type.bundle.ui-testing";
		};
/* End PBXNativeTarget section */

/* Begin PBXProject section */
		A851431E226F389D00673537 /* Project object */ = {
			isa = PBXProject;
			attributes = {
				LastSwiftUpdateCheck = 1020;
				LastUpgradeCheck = 1020;
				ORGANIZATIONNAME = "Maicris Fernandes";
				TargetAttributes = {
					A8514325226F389D00673537 = {
						CreatedOnToolsVersion = 10.2.1;
					};
					A8514339226F389E00673537 = {
						CreatedOnToolsVersion = 10.2.1;
						TestTargetID = A8514325226F389D00673537;
					};
					A8514344226F389E00673537 = {
						CreatedOnToolsVersion = 10.2.1;
						TestTargetID = A8514325226F389D00673537;
					};
				};
			};
			buildConfigurationList = A8514321226F389D00673537 /* Build configuration list for PBXProject "ReceitaApp" */;
			compatibilityVersion = "Xcode 9.3";
			developmentRegion = en;
			hasScannedForEncodings = 0;
			knownRegions = (
				en,
				Base,
			);
			mainGroup = A851431D226F389D00673537;
			productRefGroup = A8514327226F389D00673537 /* Products */;
			projectDirPath = "";
			projectRoot = "";
			targets = (
				A8514325226F389D00673537 /* ReceitaApp */,
				A8514339226F389E00673537 /* ReceitaAppTests */,
				A8514344226F389E00673537 /* ReceitaAppUITests */,
			);
		};
/* End PBXProject section */

/* Begin PBXResourcesBuildPhase section */
		A8514324226F389D00673537 /* Resources */ = {
			isa = PBXResourcesBuildPhase;
			buildActionMask = 2147483647;
			files = (
				A8514334226F389E00673537 /* LaunchScreen.storyboard in Resources */,
				A8514331226F389E00673537 /* Assets.xcassets in Resources */,
				A851432F226F389D00673537 /* Main.storyboard in Resources */,
			);
			runOnlyForDeploymentPostprocessing = 0;
		};
		A8514338226F389E00673537 /* Resources */ = {
			isa = PBXResourcesBuildPhase;
			buildActionMask = 2147483647;
			files = (
			);
			runOnlyForDeploymentPostprocessing = 0;
		};
		A8514343226F389E00673537 /* Resources */ = {
			isa = PBXResourcesBuildPhase;
			buildActionMask = 2147483647;
			files = (
			);
			runOnlyForDeploymentPostprocessing = 0;
		};
/* End PBXResourcesBuildPhase section */

/* Begin PBXSourcesBuildPhase section */
		A8514322226F389D00673537 /* Sources */ = {
			isa = PBXSourcesBuildPhase;
			buildActionMask = 2147483647;
			files = (
				A851432C226F389D00673537 /* ViewController.swift in Sources */,
				A8DEFC9F22708B0E003F3D23 /* novo2.swift in Sources */,
				A851432A226F389D00673537 /* AppDelegate.swift in Sources */,
				A8514358226F41B400673537 /* CocoViewController.swift in Sources */,
				A8DEFC9D22708818003F3D23 /* novo.swift in Sources */,
			);
			runOnlyForDeploymentPostprocessing = 0;
		};
		A8514336226F389E00673537 /* Sources */ = {
			isa = PBXSourcesBuildPhase;
			buildActionMask = 2147483647;
			files = (
				A851433F226F389E00673537 /* ReceitaAppTests.swift in Sources */,
			);
			runOnlyForDeploymentPostprocessing = 0;
		};
		A8514341226F389E00673537 /* Sources */ = {
			isa = PBXSourcesBuildPhase;
			buildActionMask = 2147483647;
			files = (
				A851434A226F389E00673537 /* ReceitaAppUITests.swift in Sources */,
			);
			runOnlyForDeploymentPostprocessing = 0;
		};
/* End PBXSourcesBuildPhase section */

/* Begin PBXTargetDependency section */
		A851433C226F389E00673537 /* PBXTargetDependency */ = {
			isa = PBXTargetDependency;
			target = A8514325226F389D00673537 /* ReceitaApp */;
			targetProxy = A851433B226F389E00673537 /* PBXContainerItemProxy */;
		};
		A8514347226F389E00673537 /* PBXTargetDependency */ = {
			isa = PBXTargetDependency;
			target = A8514325226F389D00673537 /* ReceitaApp */;
			targetProxy = A8514346226F389E00673537 /* PBXContainerItemProxy */;
		};
/* End PBXTargetDependency section */

/* Begin PBXVariantGroup section */
		A851432D226F389D00673537 /* Main.storyboard */ = {
			isa = PBXVariantGroup;
			children = (
				A851432E226F389D00673537 /* Base */,
			);
			name = Main.storyboard;
			sourceTree = "<group>";
		};
		A8514332226F389E00673537 /* LaunchScreen.storyboard */ = {
			isa = PBXVariantGroup;
			children = (
				A8514333226F389E00673537 /* Base */,
			);
			name = LaunchScreen.storyboard;
			sourceTree = "<group>";
		};
/* End PBXVariantGroup section */

/* Begin XCBuildConfiguration section */
		A851434C226F389E00673537 /* Debug */ = {
			isa = XCBuildConfiguration;
			buildSettings = {
				ALWAYS_SEARCH_USER_PATHS = NO;
				CLANG_ANALYZER_NONNULL = YES;
				CLANG_ANALYZER_NUMBER_OBJECT_CONVERSION = YES_AGGRESSIVE;
				CLANG_CXX_LANGUAGE_STANDARD = "gnu++14";
				CLANG_CXX_LIBRARY = "libc++";
				CLANG_ENABLE_MODULES = YES;
				CLANG_ENABLE_OBJC_ARC = YES;
				CLANG_ENABLE_OBJC_WEAK = YES;
				CLANG_WARN_BLOCK_CAPTURE_AUTORELEASING = YES;
				CLANG_WARN_BOOL_CONVERSION = YES;
				CLANG_WARN_COMMA = YES;
				CLANG_WARN_CONSTANT_CONVERSION = YES;
				CLANG_WARN_DEPRECATED_OBJC_IMPLEMENTATIONS = YES;
				CLANG_WARN_DIRECT_OBJC_ISA_USAGE = YES_ERROR;
				CLANG_WARN_DOCUMENTATION_COMMENTS = YES;
				CLANG_WARN_EMPTY_BODY = YES;
				CLANG_WARN_ENUM_CONVERSION = YES;
				CLANG_WARN_INFINITE_RECURSION = YES;
				CLANG_WARN_INT_CONVERSION = YES;
				CLANG_WARN_NON_LITERAL_NULL_CONVERSION = YES;
				CLANG_WARN_OBJC_IMPLICIT_RETAIN_SELF = YES;
				CLANG_WARN_OBJC_LITERAL_CONVERSION = YES;
				CLANG_WARN_OBJC_ROOT_CLASS = YES_ERROR;
				CLANG_WARN_RANGE_LOOP_ANALYSIS = YES;
				CLANG_WARN_STRICT_PROTOTYPES = YES;
				CLANG_WARN_SUSPICIOUS_MOVE = YES;
				CLANG_WARN_UNGUARDED_AVAILABILITY = YES_AGGRESSIVE;
				CLANG_WARN_UNREACHABLE_CODE = YES;
				CLANG_WARN__DUPLICATE_METHOD_MATCH = YES;
				CODE_SIGN_IDENTITY = "iPhone Developer";
				COPY_PHASE_STRIP = NO;
				DEBUG_INFORMATION_FORMAT = dwarf;
				ENABLE_STRICT_OBJC_MSGSEND = YES;
				ENABLE_TESTABILITY = YES;
				GCC_C_LANGUAGE_STANDARD = gnu11;
				GCC_DYNAMIC_NO_PIC = NO;
				GCC_NO_COMMON_BLOCKS = YES;
				GCC_OPTIMIZATION_LEVEL = 0;
				GCC_PREPROCESSOR_DEFINITIONS = (
					"DEBUG=1",
					"$(inherited)",
				);
				GCC_WARN_64_TO_32_BIT_CONVERSION = YES;
				GCC_WARN_ABOUT_RETURN_TYPE = YES_ERROR;
				GCC_WARN_UNDECLARED_SELECTOR = YES;
				GCC_WARN_UNINITIALIZED_AUTOS = YES_AGGRESSIVE;
				GCC_WARN_UNUSED_FUNCTION = YES;
				GCC_WARN_UNUSED_VARIABLE = YES;
				IPHONEOS_DEPLOYMENT_TARGET = 12.2;
				MTL_ENABLE_DEBUG_INFO = INCLUDE_SOURCE;
				MTL_FAST_MATH = YES;
				ONLY_ACTIVE_ARCH = YES;
				SDKROOT = iphoneos;
				SWIFT_ACTIVE_COMPILATION_CONDITIONS = DEBUG;
				SWIFT_OPTIMIZATION_LEVEL = "-Onone";
			};
			name = Debug;
		};
		A851434D226F389E00673537 /* Release */ = {
			isa = XCBuildConfiguration;
			buildSettings = {
				ALWAYS_SEARCH_USER_PATHS = NO;
				CLANG_ANALYZER_NONNULL = YES;
				CLANG_ANALYZER_NUMBER_OBJECT_CONVERSION = YES_AGGRESSIVE;
				CLANG_CXX_LANGUAGE_STANDARD = "gnu++14";
				CLANG_CXX_LIBRARY = "libc++";
				CLANG_ENABLE_MODULES = YES;
				CLANG_ENABLE_OBJC_ARC = YES;
				CLANG_ENABLE_OBJC_WEAK = YES;
				CLANG_WARN_BLOCK_CAPTURE_AUTORELEASING = YES;
				CLANG_WARN_BOOL_CONVERSION = YES;
				CLANG_WARN_COMMA = YES;
				CLANG_WARN_CONSTANT_CONVERSION = YES;
				CLANG_WARN_DEPRECATED_OBJC_IMPLEMENTATIONS = YES;
				CLANG_WARN_DIRECT_OBJC_ISA_USAGE = YES_ERROR;
				CLANG_WARN_DOCUMENTATION_COMMENTS = YES;
				CLANG_WARN_EMPTY_BODY = YES;
				CLANG_WARN_ENUM_CONVERSION = YES;
				CLANG_WARN_INFINITE_RECURSION = YES;
				CLANG_WARN_INT_CONVERSION = YES;
				CLANG_WARN_NON_LITERAL_NULL_CONVERSION = YES;
				CLANG_WARN_OBJC_IMPLICIT_RETAIN_SELF = YES;
				CLANG_WARN_OBJC_LITERAL_CONVERSION = YES;
				CLANG_WARN_OBJC_ROOT_CLASS = YES_ERROR;
				CLANG_WARN_RANGE_LOOP_ANALYSIS = YES;
				CLANG_WARN_STRICT_PROTOTYPES = YES;
				CLANG_WARN_SUSPICIOUS_MOVE = YES;
				CLANG_WARN_UNGUARDED_AVAILABILITY = YES_AGGRESSIVE;
				CLANG_WARN_UNREACHABLE_CODE = YES;
				CLANG_WARN__DUPLICATE_METHOD_MATCH = YES;
				CODE_SIGN_IDENTITY = "iPhone Developer";
				COPY_PHASE_STRIP = NO;
				DEBUG_INFORMATION_FORMAT = "dwarf-with-dsym";
				ENABLE_NS_ASSERTIONS = NO;
				ENABLE_STRICT_OBJC_MSGSEND = YES;
				GCC_C_LANGUAGE_STANDARD = gnu11;
				GCC_NO_COMMON_BLOCKS = YES;
				GCC_WARN_64_TO_32_BIT_CONVERSION = YES;
				GCC_WARN_ABOUT_RETURN_TYPE = YES_ERROR;
				GCC_WARN_UNDECLARED_SELECTOR = YES;
				GCC_WARN_UNINITIALIZED_AUTOS = YES_AGGRESSIVE;
				GCC_WARN_UNUSED_FUNCTION = YES;
				GCC_WARN_UNUSED_VARIABLE = YES;
				IPHONEOS_DEPLOYMENT_TARGET = 12.2;
				MTL_ENABLE_DEBUG_INFO = NO;
				MTL_FAST_MATH = YES;
				SDKROOT = iphoneos;
				SWIFT_COMPILATION_MODE = wholemodule;
				SWIFT_OPTIMIZATION_LEVEL = "-O";
				VALIDATE_PRODUCT = YES;
			};
			name = Release;
		};
		A851434F226F389E00673537 /* Debug */ = {
			isa = XCBuildConfiguration;
			buildSettings = {
				ASSETCATALOG_COMPILER_APPICON_NAME = AppIcon;
				CODE_SIGN_STYLE = Automatic;
				DEVELOPMENT_TEAM = 3UQ52T27XJ;
				INFOPLIST_FILE = ReceitaApp/Info.plist;
				LD_RUNPATH_SEARCH_PATHS = (
					"$(inherited)",
					"@executable_path/Frameworks",
				);
				PRODUCT_BUNDLE_IDENTIFIER = br.pucpr.ReceitaApp;
				PRODUCT_NAME = "$(TARGET_NAME)";
				SWIFT_VERSION = 5.0;
				TARGETED_DEVICE_FAMILY = "1,2";
			};
			name = Debug;
		};
		A8514350226F389E00673537 /* Release */ = {
			isa = XCBuildConfiguration;
			buildSettings = {
				ASSETCATALOG_COMPILER_APPICON_NAME = AppIcon;
				CODE_SIGN_STYLE = Automatic;
				DEVELOPMENT_TEAM = 3UQ52T27XJ;
				INFOPLIST_FILE = ReceitaApp/Info.plist;
				LD_RUNPATH_SEARCH_PATHS = (
					"$(inherited)",
					"@executable_path/Frameworks",
				);
				PRODUCT_BUNDLE_IDENTIFIER = br.pucpr.ReceitaApp;
				PRODUCT_NAME = "$(TARGET_NAME)";
				SWIFT_VERSION = 5.0;
				TARGETED_DEVICE_FAMILY = "1,2";
			};
			name = Release;
		};
		A8514352226F389E00673537 /* Debug */ = {
			isa = XCBuildConfiguration;
			buildSettings = {
				ALWAYS_EMBED_SWIFT_STANDARD_LIBRARIES = YES;
				BUNDLE_LOADER = "$(TEST_HOST)";
				CODE_SIGN_STYLE = Automatic;
				DEVELOPMENT_TEAM = 3UQ52T27XJ;
				INFOPLIST_FILE = ReceitaAppTests/Info.plist;
				LD_RUNPATH_SEARCH_PATHS = (
					"$(inherited)",
					"@executable_path/Frameworks",
					"@loader_path/Frameworks",
				);
				PRODUCT_BUNDLE_IDENTIFIER = br.pucpr.ReceitaAppTests;
				PRODUCT_NAME = "$(TARGET_NAME)";
				SWIFT_VERSION = 5.0;
				TARGETED_DEVICE_FAMILY = "1,2";
				TEST_HOST = "$(BUILT_PRODUCTS_DIR)/ReceitaApp.app/ReceitaApp";
			};
			name = Debug;
		};
		A8514353226F389E00673537 /* Release */ = {
			isa = XCBuildConfiguration;
			buildSettings = {
				ALWAYS_EMBED_SWIFT_STANDARD_LIBRARIES = YES;
				BUNDLE_LOADER = "$(TEST_HOST)";
				CODE_SIGN_STYLE = Automatic;
				DEVELOPMENT_TEAM = 3UQ52T27XJ;
				INFOPLIST_FILE = ReceitaAppTests/Info.plist;
				LD_RUNPATH_SEARCH_PATHS = (
					"$(inherited)",
					"@executable_path/Frameworks",
					"@loader_path/Frameworks",
				);
				PRODUCT_BUNDLE_IDENTIFIER = br.pucpr.ReceitaAppTests;
				PRODUCT_NAME = "$(TARGET_NAME)";
				SWIFT_VERSION = 5.0;
				TARGETED_DEVICE_FAMILY = "1,2";
				TEST_HOST = "$(BUILT_PRODUCTS_DIR)/ReceitaApp.app/ReceitaApp";
			};
			name = Release;
		};
		A8514355226F389E00673537 /* Debug */ = {
			isa = XCBuildConfiguration;
			buildSettings = {
				ALWAYS_EMBED_SWIFT_STANDARD_LIBRARIES = YES;
				CODE_SIGN_STYLE = Automatic;
				DEVELOPMENT_TEAM = 3UQ52T27XJ;
				INFOPLIST_FILE = ReceitaAppUITests/Info.plist;
				LD_RUNPATH_SEARCH_PATHS = (
					"$(inherited)",
					"@executable_path/Frameworks",
					"@loader_path/Frameworks",
				);
				PRODUCT_BUNDLE_IDENTIFIER = br.pucpr.ReceitaAppUITests;
				PRODUCT_NAME = "$(TARGET_NAME)";
				SWIFT_VERSION = 5.0;
				TARGETED_DEVICE_FAMILY = "1,2";
				TEST_TARGET_NAME = ReceitaApp;
			};
			name = Debug;
		};
		A8514356226F389E00673537 /* Release */ = {
			isa = XCBuildConfiguration;
			buildSettings = {
				ALWAYS_EMBED_SWIFT_STANDARD_LIBRARIES = YES;
				CODE_SIGN_STYLE = Automatic;
				DEVELOPMENT_TEAM = 3UQ52T27XJ;
				INFOPLIST_FILE = ReceitaAppUITests/Info.plist;
				LD_RUNPATH_SEARCH_PATHS = (
					"$(inherited)",
					"@executable_path/Frameworks",
					"@loader_path/Frameworks",
				);
				PRODUCT_BUNDLE_IDENTIFIER = br.pucpr.ReceitaAppUITests;
				PRODUCT_NAME = "$(TARGET_NAME)";
				SWIFT_VERSION = 5.0;
				TARGETED_DEVICE_FAMILY = "1,2";
				TEST_TARGET_NAME = ReceitaApp;
			};
			name = Release;
		};
/* End XCBuildConfiguration section */

/* Begin XCConfigurationList section */
		A8514321226F389D00673537 /* Build configuration list for PBXProject "ReceitaApp" */ = {
			isa = XCConfigurationList;
			buildConfigurations = (
				A851434C226F389E00673537 /* Debug */,
				A851434D226F389E00673537 /* Release */,
			);
			defaultConfigurationIsVisible = 0;
			defaultConfigurationName = Release;
		};
		A851434E226F389E00673537 /* Build configuration list for PBXNativeTarget "ReceitaApp" */ = {
			isa = XCConfigurationList;
			buildConfigurations = (
				A851434F226F389E00673537 /* Debug */,
				A8514350226F389E00673537 /* Release */,
			);
			defaultConfigurationIsVisible = 0;
			defaultConfigurationName = Release;
		};
		A8514351226F389E00673537 /* Build configuration list for PBXNativeTarget "ReceitaAppTests" */ = {
			isa = XCConfigurationList;
			buildConfigurations = (
				A8514352226F389E00673537 /* Debug */,
				A8514353226F389E00673537 /* Release */,
			);
			defaultConfigurationIsVisible = 0;
			defaultConfigurationName = Release;
		};
		A8514354226F389E00673537 /* Build configuration list for PBXNativeTarget "ReceitaAppUITests" */ = {
			isa = XCConfigurationList;
			buildConfigurations = (
				A8514355226F389E00673537 /* Debug */,
				A8514356226F389E00673537 /* Release */,
			);
			defaultConfigurationIsVisible = 0;
			defaultConfigurationName = Release;
		};
/* End XCConfigurationList section */
	};
	rootObject = A851431E226F389D00673537 /* Project object */;
}
